{
  "version": 4,
  "terraform_version": "1.2.6",
  "serial": 13,
  "lineage": "c672b77d-8f6e-a6ae-d122-bad17dec24ad",
  "outputs": {
    "public_ip_address": {
      "value": "vm-linux-01: ",
      "type": "string"
    }
  },
  "resources": [
    {
      "mode": "data",
      "type": "azurerm_public_ip",
      "name": "Globant-IP-Data",
      "provider": "provider[\"registry.terraform.io/hashicorp/azurerm\"]",
      "instances": [
        {
          "schema_version": 0,
          "attributes": {
            "allocation_method": "Dynamic",
            "domain_name_label": "",
            "fqdn": "",
            "id": "/subscriptions/740b5b77-fe5a-43a4-9d6f-7d2476e389fe/resourceGroups/Globant-RG/providers/Microsoft.Network/publicIPAddresses/vm-ip-01",
            "idle_timeout_in_minutes": 4,
            "ip_address": "",
            "ip_tags": {},
            "ip_version": "IPv4",
            "location": "eastus",
            "name": "vm-ip-01",
            "resource_group_name": "Globant-RG",
            "reverse_fqdn": "",
            "sku": "Basic",
            "tags": {
              "environment": "DEV"
            },
            "timeouts": null,
            "zones": []
          },
          "sensitive_attributes": []
        }
      ]
    },
    {
      "mode": "managed",
      "type": "azurerm_network_interface",
      "name": "Interface_vm",
      "provider": "provider[\"registry.terraform.io/hashicorp/azurerm\"]",
      "instances": [
        {
          "schema_version": 0,
          "attributes": {
            "applied_dns_servers": [],
            "dns_servers": [],
            "edge_zone": "",
            "enable_accelerated_networking": false,
            "enable_ip_forwarding": false,
            "id": "/subscriptions/740b5b77-fe5a-43a4-9d6f-7d2476e389fe/resourceGroups/Globant-RG/providers/Microsoft.Network/networkInterfaces/VM-NIC",
            "internal_dns_name_label": "",
            "internal_domain_name_suffix": "gqnjjjas2jhupnqw25onw1pohd.bx.internal.cloudapp.net",
            "ip_configuration": [
              {
                "gateway_load_balancer_frontend_ip_configuration_id": "",
                "name": "Internal",
                "primary": true,
                "private_ip_address": "10.0.1.4",
                "private_ip_address_allocation": "Dynamic",
                "private_ip_address_version": "IPv4",
                "public_ip_address_id": "/subscriptions/740b5b77-fe5a-43a4-9d6f-7d2476e389fe/resourceGroups/Globant-RG/providers/Microsoft.Network/publicIPAddresses/vm-ip-01",
                "subnet_id": "/subscriptions/740b5b77-fe5a-43a4-9d6f-7d2476e389fe/resourceGroups/Globant-RG/providers/Microsoft.Network/virtualNetworks/VN-01/subnets/VN-Subnet-01"
              }
            ],
            "location": "eastus",
            "mac_address": "",
            "name": "VM-NIC",
            "private_ip_address": "10.0.1.4",
            "private_ip_addresses": [
              "10.0.1.4"
            ],
            "resource_group_name": "Globant-RG",
            "tags": {
              "envoriment": "DEV"
            },
            "timeouts": null,
            "virtual_machine_id": ""
          },
          "sensitive_attributes": [],
          "private": "eyJlMmJmYjczMC1lY2FhLTExZTYtOGY4OC0zNDM2M2JjN2M0YzAiOnsiY3JlYXRlIjoxODAwMDAwMDAwMDAwLCJkZWxldGUiOjE4MDAwMDAwMDAwMDAsInJlYWQiOjMwMDAwMDAwMDAwMCwidXBkYXRlIjoxODAwMDAwMDAwMDAwfX0=",
          "dependencies": [
            "azurerm_public_ip.Globant_PublicIP",
            "azurerm_resource_group.Globant",
            "azurerm_subnet.Globant_subnet",
            "azurerm_virtual_network.VN-Globant"
          ]
        }
      ]
    },
    {
      "mode": "managed",
      "type": "azurerm_network_security_group",
      "name": "Globant-NSG",
      "provider": "provider[\"registry.terraform.io/hashicorp/azurerm\"]",
      "instances": [
        {
          "schema_version": 0,
          "attributes": {
            "id": "/subscriptions/740b5b77-fe5a-43a4-9d6f-7d2476e389fe/resourceGroups/Globant-RG/providers/Microsoft.Network/networkSecurityGroups/NSG-Globant",
            "location": "eastus",
            "name": "NSG-Globant",
            "resource_group_name": "Globant-RG",
            "security_rule": [
              {
                "access": "Allow",
                "description": "",
                "destination_address_prefix": "*",
                "destination_address_prefixes": [],
                "destination_application_security_group_ids": [],
                "destination_port_range": "22",
                "destination_port_ranges": [],
                "direction": "Inbound",
                "name": "NSG-Rule-01",
                "priority": 101,
                "protocol": "Tcp",
                "source_address_prefix": "*",
                "source_address_prefixes": [],
                "source_application_security_group_ids": [],
                "source_port_range": "22",
                "source_port_ranges": []
              }
            ],
            "tags": {
              "enviroment": "DEV"
            },
            "timeouts": null
          },
          "sensitive_attributes": [],
          "private": "eyJlMmJmYjczMC1lY2FhLTExZTYtOGY4OC0zNDM2M2JjN2M0YzAiOnsiY3JlYXRlIjoxODAwMDAwMDAwMDAwLCJkZWxldGUiOjE4MDAwMDAwMDAwMDAsInJlYWQiOjMwMDAwMDAwMDAwMCwidXBkYXRlIjoxODAwMDAwMDAwMDAwfX0=",
          "dependencies": [
            "azurerm_resource_group.Globant"
          ]
        }
      ]
    },
    {
      "mode": "managed",
      "type": "azurerm_network_security_rule",
      "name": "Globnat_NSG_Rule",
      "provider": "provider[\"registry.terraform.io/hashicorp/azurerm\"]",
      "instances": [
        {
          "schema_version": 0,
          "attributes": {
            "access": "Allow",
            "description": "",
            "destination_address_prefix": "*",
            "destination_address_prefixes": [],
            "destination_application_security_group_ids": [],
            "destination_port_range": "22",
            "destination_port_ranges": [],
            "direction": "Inbound",
            "id": "/subscriptions/740b5b77-fe5a-43a4-9d6f-7d2476e389fe/resourceGroups/Globant-RG/providers/Microsoft.Network/networkSecurityGroups/NSG-Globant/securityRules/NSG-Rule-01",
            "name": "NSG-Rule-01",
            "network_security_group_name": "NSG-Globant",
            "priority": 101,
            "protocol": "Tcp",
            "resource_group_name": "Globant-RG",
            "source_address_prefix": "*",
            "source_address_prefixes": [],
            "source_application_security_group_ids": [],
            "source_port_range": "22",
            "source_port_ranges": [],
            "timeouts": null
          },
          "sensitive_attributes": [],
          "private": "eyJlMmJmYjczMC1lY2FhLTExZTYtOGY4OC0zNDM2M2JjN2M0YzAiOnsiY3JlYXRlIjoxODAwMDAwMDAwMDAwLCJkZWxldGUiOjE4MDAwMDAwMDAwMDAsInJlYWQiOjMwMDAwMDAwMDAwMCwidXBkYXRlIjoxODAwMDAwMDAwMDAwfX0=",
          "dependencies": [
            "azurerm_network_security_group.Globant-NSG",
            "azurerm_resource_group.Globant"
          ]
        }
      ]
    },
    {
      "mode": "managed",
      "type": "azurerm_public_ip",
      "name": "Globant_PublicIP",
      "provider": "provider[\"registry.terraform.io/hashicorp/azurerm\"]",
      "instances": [
        {
          "schema_version": 0,
          "attributes": {
            "allocation_method": "Dynamic",
            "domain_name_label": null,
            "edge_zone": "",
            "fqdn": null,
            "id": "/subscriptions/740b5b77-fe5a-43a4-9d6f-7d2476e389fe/resourceGroups/Globant-RG/providers/Microsoft.Network/publicIPAddresses/vm-ip-01",
            "idle_timeout_in_minutes": 4,
            "ip_address": "",
            "ip_tags": {},
            "ip_version": "IPv4",
            "location": "eastus",
            "name": "vm-ip-01",
            "public_ip_prefix_id": null,
            "resource_group_name": "Globant-RG",
            "reverse_fqdn": null,
            "sku": "Basic",
            "sku_tier": "Regional",
            "tags": {
              "environment": "DEV"
            },
            "timeouts": null,
            "zones": []
          },
          "sensitive_attributes": [],
          "private": "eyJlMmJmYjczMC1lY2FhLTExZTYtOGY4OC0zNDM2M2JjN2M0YzAiOnsiY3JlYXRlIjoxODAwMDAwMDAwMDAwLCJkZWxldGUiOjE4MDAwMDAwMDAwMDAsInJlYWQiOjMwMDAwMDAwMDAwMCwidXBkYXRlIjoxODAwMDAwMDAwMDAwfX0=",
          "dependencies": [
            "azurerm_resource_group.Globant"
          ]
        }
      ]
    },
    {
      "mode": "managed",
      "type": "azurerm_resource_group",
      "name": "Globant",
      "provider": "provider[\"registry.terraform.io/hashicorp/azurerm\"]",
      "instances": [
        {
          "schema_version": 0,
          "attributes": {
            "id": "/subscriptions/740b5b77-fe5a-43a4-9d6f-7d2476e389fe/resourceGroups/Globant-RG",
            "location": "eastus",
            "name": "Globant-RG",
            "tags": {
              "enviroment": "DEV"
            },
            "timeouts": null
          },
          "sensitive_attributes": [],
          "private": "eyJlMmJmYjczMC1lY2FhLTExZTYtOGY4OC0zNDM2M2JjN2M0YzAiOnsiY3JlYXRlIjo1NDAwMDAwMDAwMDAwLCJkZWxldGUiOjU0MDAwMDAwMDAwMDAsInJlYWQiOjMwMDAwMDAwMDAwMCwidXBkYXRlIjo1NDAwMDAwMDAwMDAwfX0="
        }
      ]
    },
    {
      "mode": "managed",
      "type": "azurerm_subnet",
      "name": "Globant_subnet",
      "provider": "provider[\"registry.terraform.io/hashicorp/azurerm\"]",
      "instances": [
        {
          "schema_version": 0,
          "attributes": {
            "address_prefixes": [
              "10.0.1.0/24"
            ],
            "delegation": [],
            "enforce_private_link_endpoint_network_policies": false,
            "enforce_private_link_service_network_policies": false,
            "id": "/subscriptions/740b5b77-fe5a-43a4-9d6f-7d2476e389fe/resourceGroups/Globant-RG/providers/Microsoft.Network/virtualNetworks/VN-01/subnets/VN-Subnet-01",
            "name": "VN-Subnet-01",
            "resource_group_name": "Globant-RG",
            "service_endpoint_policy_ids": [],
            "service_endpoints": [],
            "timeouts": null,
            "virtual_network_name": "VN-01"
          },
          "sensitive_attributes": [],
          "private": "eyJlMmJmYjczMC1lY2FhLTExZTYtOGY4OC0zNDM2M2JjN2M0YzAiOnsiY3JlYXRlIjoxODAwMDAwMDAwMDAwLCJkZWxldGUiOjE4MDAwMDAwMDAwMDAsInJlYWQiOjMwMDAwMDAwMDAwMCwidXBkYXRlIjoxODAwMDAwMDAwMDAwfX0=",
          "dependencies": [
            "azurerm_resource_group.Globant",
            "azurerm_virtual_network.VN-Globant"
          ]
        }
      ]
    },
    {
      "mode": "managed",
      "type": "azurerm_subnet_network_security_group_association",
      "name": "Globnant_NSG_Associate",
      "provider": "provider[\"registry.terraform.io/hashicorp/azurerm\"]",
      "instances": [
        {
          "schema_version": 0,
          "attributes": {
            "id": "/subscriptions/740b5b77-fe5a-43a4-9d6f-7d2476e389fe/resourceGroups/Globant-RG/providers/Microsoft.Network/virtualNetworks/VN-01/subnets/VN-Subnet-01",
            "network_security_group_id": "/subscriptions/740b5b77-fe5a-43a4-9d6f-7d2476e389fe/resourceGroups/Globant-RG/providers/Microsoft.Network/networkSecurityGroups/NSG-Globant",
            "subnet_id": "/subscriptions/740b5b77-fe5a-43a4-9d6f-7d2476e389fe/resourceGroups/Globant-RG/providers/Microsoft.Network/virtualNetworks/VN-01/subnets/VN-Subnet-01",
            "timeouts": null
          },
          "sensitive_attributes": [],
          "private": "eyJlMmJmYjczMC1lY2FhLTExZTYtOGY4OC0zNDM2M2JjN2M0YzAiOnsiY3JlYXRlIjoxODAwMDAwMDAwMDAwLCJkZWxldGUiOjE4MDAwMDAwMDAwMDAsInJlYWQiOjMwMDAwMDAwMDAwMCwidXBkYXRlIjoxODAwMDAwMDAwMDAwfX0=",
          "dependencies": [
            "azurerm_network_security_group.Globant-NSG",
            "azurerm_resource_group.Globant",
            "azurerm_subnet.Globant_subnet",
            "azurerm_virtual_network.VN-Globant"
          ]
        }
      ]
    },
    {
      "mode": "managed",
      "type": "azurerm_virtual_network",
      "name": "VN-Globant",
      "provider": "provider[\"registry.terraform.io/hashicorp/azurerm\"]",
      "instances": [
        {
          "schema_version": 0,
          "attributes": {
            "address_space": [
              "10.0.0.0/16"
            ],
            "bgp_community": "",
            "ddos_protection_plan": [],
            "dns_servers": [],
            "edge_zone": "",
            "flow_timeout_in_minutes": 0,
            "guid": "a4941a34-e212-474f-b616-e7dcdb6dee3b",
            "id": "/subscriptions/740b5b77-fe5a-43a4-9d6f-7d2476e389fe/resourceGroups/Globant-RG/providers/Microsoft.Network/virtualNetworks/VN-01",
            "location": "eastus",
            "name": "VN-01",
            "resource_group_name": "Globant-RG",
            "subnet": [
              {
                "address_prefix": "10.0.1.0/24",
                "id": "/subscriptions/740b5b77-fe5a-43a4-9d6f-7d2476e389fe/resourceGroups/Globant-RG/providers/Microsoft.Network/virtualNetworks/VN-01/subnets/VN-Subnet-01",
                "name": "VN-Subnet-01",
                "security_group": "/subscriptions/740b5b77-fe5a-43a4-9d6f-7d2476e389fe/resourceGroups/Globant-RG/providers/Microsoft.Network/networkSecurityGroups/NSG-Globant"
              }
            ],
            "tags": {
              "enviroment": "DEV"
            },
            "timeouts": null
          },
          "sensitive_attributes": [],
          "private": "eyJlMmJmYjczMC1lY2FhLTExZTYtOGY4OC0zNDM2M2JjN2M0YzAiOnsiY3JlYXRlIjoxODAwMDAwMDAwMDAwLCJkZWxldGUiOjE4MDAwMDAwMDAwMDAsInJlYWQiOjMwMDAwMDAwMDAwMCwidXBkYXRlIjoxODAwMDAwMDAwMDAwfX0=",
          "dependencies": [
            "azurerm_resource_group.Globant"
          ]
        }
      ]
    }
  ]
}
