{
  "version": 4,
  "terraform_version": "1.2.6",
  "serial": 15,
  "lineage": "c672b77d-8f6e-a6ae-d122-bad17dec24ad",
  "outputs": {
    "public_ip_address": {
      "value": "vm-linux-01: ",
      "type": "string"
    }
  },
  "resources": [
    {
      "mode": "data",
      "type": "azurerm_public_ip",
      "name": "Globant-IP-Data",
      "provider": "provider[\"registry.terraform.io/hashicorp/azurerm\"]",
      "instances": [
        {
          "schema_version": 0,
          "attributes": {
            "allocation_method": "Dynamic",
            "domain_name_label": "",
            "fqdn": "",
            "id": "/subscriptions/740b5b77-fe5a-43a4-9d6f-7d2476e389fe/resourceGroups/Globant-RG/providers/Microsoft.Network/publicIPAddresses/vm-ip-01",
            "idle_timeout_in_minutes": 4,
            "ip_address": "",
            "ip_tags": {},
            "ip_version": "IPv4",
            "location": "eastus",
            "name": "vm-ip-01",
            "resource_group_name": "Globant-RG",
            "reverse_fqdn": "",
            "sku": "Basic",
            "tags": {
              "environment": "DEV"
            },
            "timeouts": null,
            "zones": []
          },
          "sensitive_attributes": []
        }
      ]
    },
    {
      "mode": "managed",
      "type": "azurerm_linux_virtual_machine",
      "name": "LinuxVM",
      "provider": "provider[\"registry.terraform.io/hashicorp/azurerm\"]",
      "instances": [
        {
          "schema_version": 0,
          "attributes": {
            "additional_capabilities": [],
            "admin_password": null,
            "admin_ssh_key": [
              {
                "public_key": "ssh-rsa AAAAB3NzaC1yc2EAAAADAQABAAABgQDqA/l79wvOjAfFuy/bzVKJ6f6lpMIE14ugVdWw98sNNogepRV1HIrySnCz1+673NYpPKyaA4Q/Hvh5YY08+owjFzV3uO4Fg8ThvEt4htYNDu/uTqoxVQc2LjEL+CzM2gyYky1iKlQiLLJneozbkhf4nwu/wqZSQmGVk0jrVqeh8pZrk2Lk4/NkDrYessvu+R/rbqfxs7UXDXfGW4bjZCe4yh/3bDihM/2t+qHx4xLUw2nR0D4p3COe5Ht25nN1xrkF/vgwgeERErVXv2IfX5RqBG59PCiNygnsl4YA2zcDhkOk8Z1f8s76F0dRmcJyeHo5T9KSG7J+wNBRgeq6KcKdZ2+0ckiz233Zs2w9//M3n/8qFK5mvVjgv0Wzu1DrUDvpdEWFqTJ12MK6eKwE6MMkmkObLwdYb0g0StfLf/B8zJvz6NmFeYjBe8Kmo08Mt8H63uHw1eRn0Y2NLyTe8DeJycW9wMtAbWB4RAlQF4Xk4wYm49wvMjGT8g4eryaiIu0= GLOBANT+nelson.ruiz@CO-IT018542\n",
                "username": "nard8102"
              }
            ],
            "admin_username": "nard8102",
            "allow_extension_operations": true,
            "availability_set_id": "",
            "boot_diagnostics": [],
            "computer_name": "vm-linux-01",
            "custom_data": null,
            "dedicated_host_group_id": "",
            "dedicated_host_id": "",
            "disable_password_authentication": true,
            "edge_zone": "",
            "encryption_at_host_enabled": false,
            "eviction_policy": "",
            "extensions_time_budget": "PT1H30M",
            "id": "/subscriptions/740b5b77-fe5a-43a4-9d6f-7d2476e389fe/resourceGroups/Globant-RG/providers/Microsoft.Compute/virtualMachines/vm-linux-01",
            "identity": [],
            "license_type": "",
            "location": "eastus",
            "max_bid_price": -1,
            "name": "vm-linux-01",
            "network_interface_ids": [
              "/subscriptions/740b5b77-fe5a-43a4-9d6f-7d2476e389fe/resourceGroups/Globant-RG/providers/Microsoft.Network/networkInterfaces/VM-NIC"
            ],
            "os_disk": [
              {
                "caching": "ReadWrite",
                "diff_disk_settings": [],
                "disk_encryption_set_id": "",
                "disk_size_gb": 30,
                "name": "vm-linux-01_OsDisk_1_096ba7181eca4cf5bf92a04304c591ec",
                "storage_account_type": "Standard_LRS",
                "write_accelerator_enabled": false
              }
            ],
            "patch_mode": "ImageDefault",
            "plan": [],
            "platform_fault_domain": -1,
            "priority": "Regular",
            "private_ip_address": "10.0.1.4",
            "private_ip_addresses": [
              "10.0.1.4"
            ],
            "provision_vm_agent": true,
            "proximity_placement_group_id": "",
            "public_ip_address": "20.124.197.142",
            "public_ip_addresses": [
              "20.124.197.142"
            ],
            "resource_group_name": "Globant-RG",
            "secret": [],
            "secure_boot_enabled": false,
            "size": "Standard_F2s_v2",
            "source_image_id": "",
            "source_image_reference": [
              {
                "offer": "0001-com-ubuntu-server-jammy",
                "publisher": "canonical",
                "sku": "22_04-lts-gen2",
                "version": "latest"
              }
            ],
            "tags": null,
            "termination_notification": null,
            "timeouts": null,
            "user_data": "",
            "virtual_machine_id": "9362d67c-09bd-438c-8e61-d8a9d4f90e67",
            "virtual_machine_scale_set_id": "",
            "vtpm_enabled": false,
            "zone": ""
          },
          "sensitive_attributes": [],
          "private": "eyJlMmJmYjczMC1lY2FhLTExZTYtOGY4OC0zNDM2M2JjN2M0YzAiOnsiY3JlYXRlIjoyNzAwMDAwMDAwMDAwLCJkZWxldGUiOjI3MDAwMDAwMDAwMDAsInJlYWQiOjMwMDAwMDAwMDAwMCwidXBkYXRlIjoyNzAwMDAwMDAwMDAwfX0=",
          "dependencies": [
            "azurerm_network_interface.Interface_vm",
            "azurerm_resource_group.Globant"
          ]
        }
      ]
    },
    {
      "mode": "managed",
      "type": "azurerm_network_interface",
      "name": "Interface_vm",
      "provider": "provider[\"registry.terraform.io/hashicorp/azurerm\"]",
      "instances": [
        {
          "schema_version": 0,
          "attributes": {
            "applied_dns_servers": [],
            "dns_servers": [],
            "edge_zone": "",
            "enable_accelerated_networking": false,
            "enable_ip_forwarding": false,
            "id": "/subscriptions/740b5b77-fe5a-43a4-9d6f-7d2476e389fe/resourceGroups/Globant-RG/providers/Microsoft.Network/networkInterfaces/VM-NIC",
            "internal_dns_name_label": "",
            "internal_domain_name_suffix": "gqnjjjas2jhupnqw25onw1pohd.bx.internal.cloudapp.net",
            "ip_configuration": [
              {
                "gateway_load_balancer_frontend_ip_configuration_id": "",
                "name": "Internal",
                "primary": true,
                "private_ip_address": "10.0.1.4",
                "private_ip_address_allocation": "Dynamic",
                "private_ip_address_version": "IPv4",
                "public_ip_address_id": "/subscriptions/740b5b77-fe5a-43a4-9d6f-7d2476e389fe/resourceGroups/Globant-RG/providers/Microsoft.Network/publicIPAddresses/vm-ip-01",
                "subnet_id": "/subscriptions/740b5b77-fe5a-43a4-9d6f-7d2476e389fe/resourceGroups/Globant-RG/providers/Microsoft.Network/virtualNetworks/VN-01/subnets/VN-Subnet-01"
              }
            ],
            "location": "eastus",
            "mac_address": "",
            "name": "VM-NIC",
            "private_ip_address": "10.0.1.4",
            "private_ip_addresses": [
              "10.0.1.4"
            ],
            "resource_group_name": "Globant-RG",
            "tags": {
              "envoriment": "DEV"
            },
            "timeouts": null,
            "virtual_machine_id": ""
          },
          "sensitive_attributes": [],
          "private": "eyJlMmJmYjczMC1lY2FhLTExZTYtOGY4OC0zNDM2M2JjN2M0YzAiOnsiY3JlYXRlIjoxODAwMDAwMDAwMDAwLCJkZWxldGUiOjE4MDAwMDAwMDAwMDAsInJlYWQiOjMwMDAwMDAwMDAwMCwidXBkYXRlIjoxODAwMDAwMDAwMDAwfX0=",
          "dependencies": [
            "azurerm_public_ip.Globant_PublicIP",
            "azurerm_resource_group.Globant",
            "azurerm_subnet.Globant_subnet",
            "azurerm_virtual_network.VN-Globant"
          ]
        }
      ]
    },
    {
      "mode": "managed",
      "type": "azurerm_network_security_group",
      "name": "Globant-NSG",
      "provider": "provider[\"registry.terraform.io/hashicorp/azurerm\"]",
      "instances": [
        {
          "schema_version": 0,
          "attributes": {
            "id": "/subscriptions/740b5b77-fe5a-43a4-9d6f-7d2476e389fe/resourceGroups/Globant-RG/providers/Microsoft.Network/networkSecurityGroups/NSG-Globant",
            "location": "eastus",
            "name": "NSG-Globant",
            "resource_group_name": "Globant-RG",
            "security_rule": [
              {
                "access": "Allow",
                "description": "",
                "destination_address_prefix": "*",
                "destination_address_prefixes": [],
                "destination_application_security_group_ids": [],
                "destination_port_range": "22",
                "destination_port_ranges": [],
                "direction": "Inbound",
                "name": "NSG-Rule-01",
                "priority": 101,
                "protocol": "Tcp",
                "source_address_prefix": "*",
                "source_address_prefixes": [],
                "source_application_security_group_ids": [],
                "source_port_range": "22",
                "source_port_ranges": []
              }
            ],
            "tags": {
              "enviroment": "DEV"
            },
            "timeouts": null
          },
          "sensitive_attributes": [],
          "private": "eyJlMmJmYjczMC1lY2FhLTExZTYtOGY4OC0zNDM2M2JjN2M0YzAiOnsiY3JlYXRlIjoxODAwMDAwMDAwMDAwLCJkZWxldGUiOjE4MDAwMDAwMDAwMDAsInJlYWQiOjMwMDAwMDAwMDAwMCwidXBkYXRlIjoxODAwMDAwMDAwMDAwfX0=",
          "dependencies": [
            "azurerm_resource_group.Globant"
          ]
        }
      ]
    },
    {
      "mode": "managed",
      "type": "azurerm_network_security_rule",
      "name": "Globnat_NSG_Rule",
      "provider": "provider[\"registry.terraform.io/hashicorp/azurerm\"]",
      "instances": [
        {
          "schema_version": 0,
          "attributes": {
            "access": "Allow",
            "description": "",
            "destination_address_prefix": "*",
            "destination_address_prefixes": [],
            "destination_application_security_group_ids": [],
            "destination_port_range": "22",
            "destination_port_ranges": [],
            "direction": "Inbound",
            "id": "/subscriptions/740b5b77-fe5a-43a4-9d6f-7d2476e389fe/resourceGroups/Globant-RG/providers/Microsoft.Network/networkSecurityGroups/NSG-Globant/securityRules/NSG-Rule-01",
            "name": "NSG-Rule-01",
            "network_security_group_name": "NSG-Globant",
            "priority": 101,
            "protocol": "Tcp",
            "resource_group_name": "Globant-RG",
            "source_address_prefix": "*",
            "source_address_prefixes": [],
            "source_application_security_group_ids": [],
            "source_port_range": "22",
            "source_port_ranges": [],
            "timeouts": null
          },
          "sensitive_attributes": [],
          "private": "eyJlMmJmYjczMC1lY2FhLTExZTYtOGY4OC0zNDM2M2JjN2M0YzAiOnsiY3JlYXRlIjoxODAwMDAwMDAwMDAwLCJkZWxldGUiOjE4MDAwMDAwMDAwMDAsInJlYWQiOjMwMDAwMDAwMDAwMCwidXBkYXRlIjoxODAwMDAwMDAwMDAwfX0=",
          "dependencies": [
            "azurerm_network_security_group.Globant-NSG",
            "azurerm_resource_group.Globant"
          ]
        }
      ]
    },
    {
      "mode": "managed",
      "type": "azurerm_public_ip",
      "name": "Globant_PublicIP",
      "provider": "provider[\"registry.terraform.io/hashicorp/azurerm\"]",
      "instances": [
        {
          "schema_version": 0,
          "attributes": {
            "allocation_method": "Dynamic",
            "domain_name_label": null,
            "edge_zone": "",
            "fqdn": null,
            "id": "/subscriptions/740b5b77-fe5a-43a4-9d6f-7d2476e389fe/resourceGroups/Globant-RG/providers/Microsoft.Network/publicIPAddresses/vm-ip-01",
            "idle_timeout_in_minutes": 4,
            "ip_address": "",
            "ip_tags": {},
            "ip_version": "IPv4",
            "location": "eastus",
            "name": "vm-ip-01",
            "public_ip_prefix_id": null,
            "resource_group_name": "Globant-RG",
            "reverse_fqdn": null,
            "sku": "Basic",
            "sku_tier": "Regional",
            "tags": {
              "environment": "DEV"
            },
            "timeouts": null,
            "zones": []
          },
          "sensitive_attributes": [],
          "private": "eyJlMmJmYjczMC1lY2FhLTExZTYtOGY4OC0zNDM2M2JjN2M0YzAiOnsiY3JlYXRlIjoxODAwMDAwMDAwMDAwLCJkZWxldGUiOjE4MDAwMDAwMDAwMDAsInJlYWQiOjMwMDAwMDAwMDAwMCwidXBkYXRlIjoxODAwMDAwMDAwMDAwfX0=",
          "dependencies": [
            "azurerm_resource_group.Globant"
          ]
        }
      ]
    },
    {
      "mode": "managed",
      "type": "azurerm_resource_group",
      "name": "Globant",
      "provider": "provider[\"registry.terraform.io/hashicorp/azurerm\"]",
      "instances": [
        {
          "schema_version": 0,
          "attributes": {
            "id": "/subscriptions/740b5b77-fe5a-43a4-9d6f-7d2476e389fe/resourceGroups/Globant-RG",
            "location": "eastus",
            "name": "Globant-RG",
            "tags": {
              "enviroment": "DEV"
            },
            "timeouts": null
          },
          "sensitive_attributes": [],
          "private": "eyJlMmJmYjczMC1lY2FhLTExZTYtOGY4OC0zNDM2M2JjN2M0YzAiOnsiY3JlYXRlIjo1NDAwMDAwMDAwMDAwLCJkZWxldGUiOjU0MDAwMDAwMDAwMDAsInJlYWQiOjMwMDAwMDAwMDAwMCwidXBkYXRlIjo1NDAwMDAwMDAwMDAwfX0="
        }
      ]
    },
    {
      "mode": "managed",
      "type": "azurerm_subnet",
      "name": "Globant_subnet",
      "provider": "provider[\"registry.terraform.io/hashicorp/azurerm\"]",
      "instances": [
        {
          "schema_version": 0,
          "attributes": {
            "address_prefixes": [
              "10.0.1.0/24"
            ],
            "delegation": [],
            "enforce_private_link_endpoint_network_policies": false,
            "enforce_private_link_service_network_policies": false,
            "id": "/subscriptions/740b5b77-fe5a-43a4-9d6f-7d2476e389fe/resourceGroups/Globant-RG/providers/Microsoft.Network/virtualNetworks/VN-01/subnets/VN-Subnet-01",
            "name": "VN-Subnet-01",
            "resource_group_name": "Globant-RG",
            "service_endpoint_policy_ids": [],
            "service_endpoints": [],
            "timeouts": null,
            "virtual_network_name": "VN-01"
          },
          "sensitive_attributes": [],
          "private": "eyJlMmJmYjczMC1lY2FhLTExZTYtOGY4OC0zNDM2M2JjN2M0YzAiOnsiY3JlYXRlIjoxODAwMDAwMDAwMDAwLCJkZWxldGUiOjE4MDAwMDAwMDAwMDAsInJlYWQiOjMwMDAwMDAwMDAwMCwidXBkYXRlIjoxODAwMDAwMDAwMDAwfX0=",
          "dependencies": [
            "azurerm_resource_group.Globant",
            "azurerm_virtual_network.VN-Globant"
          ]
        }
      ]
    },
    {
      "mode": "managed",
      "type": "azurerm_subnet_network_security_group_association",
      "name": "Globnant_NSG_Associate",
      "provider": "provider[\"registry.terraform.io/hashicorp/azurerm\"]",
      "instances": [
        {
          "schema_version": 0,
          "attributes": {
            "id": "/subscriptions/740b5b77-fe5a-43a4-9d6f-7d2476e389fe/resourceGroups/Globant-RG/providers/Microsoft.Network/virtualNetworks/VN-01/subnets/VN-Subnet-01",
            "network_security_group_id": "/subscriptions/740b5b77-fe5a-43a4-9d6f-7d2476e389fe/resourceGroups/Globant-RG/providers/Microsoft.Network/networkSecurityGroups/NSG-Globant",
            "subnet_id": "/subscriptions/740b5b77-fe5a-43a4-9d6f-7d2476e389fe/resourceGroups/Globant-RG/providers/Microsoft.Network/virtualNetworks/VN-01/subnets/VN-Subnet-01",
            "timeouts": null
          },
          "sensitive_attributes": [],
          "private": "eyJlMmJmYjczMC1lY2FhLTExZTYtOGY4OC0zNDM2M2JjN2M0YzAiOnsiY3JlYXRlIjoxODAwMDAwMDAwMDAwLCJkZWxldGUiOjE4MDAwMDAwMDAwMDAsInJlYWQiOjMwMDAwMDAwMDAwMCwidXBkYXRlIjoxODAwMDAwMDAwMDAwfX0=",
          "dependencies": [
            "azurerm_network_security_group.Globant-NSG",
            "azurerm_resource_group.Globant",
            "azurerm_subnet.Globant_subnet",
            "azurerm_virtual_network.VN-Globant"
          ]
        }
      ]
    },
    {
      "mode": "managed",
      "type": "azurerm_virtual_network",
      "name": "VN-Globant",
      "provider": "provider[\"registry.terraform.io/hashicorp/azurerm\"]",
      "instances": [
        {
          "schema_version": 0,
          "attributes": {
            "address_space": [
              "10.0.0.0/16"
            ],
            "bgp_community": "",
            "ddos_protection_plan": [],
            "dns_servers": [],
            "edge_zone": "",
            "flow_timeout_in_minutes": 0,
            "guid": "a4941a34-e212-474f-b616-e7dcdb6dee3b",
            "id": "/subscriptions/740b5b77-fe5a-43a4-9d6f-7d2476e389fe/resourceGroups/Globant-RG/providers/Microsoft.Network/virtualNetworks/VN-01",
            "location": "eastus",
            "name": "VN-01",
            "resource_group_name": "Globant-RG",
            "subnet": [
              {
                "address_prefix": "10.0.1.0/24",
                "id": "/subscriptions/740b5b77-fe5a-43a4-9d6f-7d2476e389fe/resourceGroups/Globant-RG/providers/Microsoft.Network/virtualNetworks/VN-01/subnets/VN-Subnet-01",
                "name": "VN-Subnet-01",
                "security_group": "/subscriptions/740b5b77-fe5a-43a4-9d6f-7d2476e389fe/resourceGroups/Globant-RG/providers/Microsoft.Network/networkSecurityGroups/NSG-Globant"
              }
            ],
            "tags": {
              "enviroment": "DEV"
            },
            "timeouts": null
          },
          "sensitive_attributes": [],
          "private": "eyJlMmJmYjczMC1lY2FhLTExZTYtOGY4OC0zNDM2M2JjN2M0YzAiOnsiY3JlYXRlIjoxODAwMDAwMDAwMDAwLCJkZWxldGUiOjE4MDAwMDAwMDAwMDAsInJlYWQiOjMwMDAwMDAwMDAwMCwidXBkYXRlIjoxODAwMDAwMDAwMDAwfX0=",
          "dependencies": [
            "azurerm_resource_group.Globant"
          ]
        }
      ]
    }
  ]
}
